{
  "pins" : [
    {
      "identity" : "swiftui-loop-videoplayer",
      "kind" : "remoteSourceControl",
      "location" : "https://github.com/The-Igor/swiftui-loop-videoplayer.git",
      "state" : {
        "branch" : "main",
        "revision" : "a1986dac748a527eabd60b7e38d48b20051ba627"
      }
    }
  ],
  "version" : 2
}
