{
  "pins" : [
    {
      "identity" : "swiftui-loop-videoplayer",
      "kind" : "remoteSourceControl",
      "location" : "https://github.com/The-Igor/swiftui-loop-videoplayer.git",
      "state" : {
        "branch" : "main",
        "revision" : "4489264c075436adf0fa2acbdaf9f75128feb79c"
      }
    }
  ],
  "version" : 2
}
