// !$*UTF8*$!
{
	archiveVersion = 1;
	classes = {
	};
	objectVersion = 56;
	objects = {

/* Begin PBXBuildFile section */
		7810A3D52A7CE3570032340D /* tip_video_swiftui.gif in Resources */ = {isa = PBXBuildFile; fileRef = 7810A3D42A7CE3570032340D /* tip_video_swiftui.gif */; };
		7816ADFC2C91A140008179BA /* swiftui_video_player.gif in Resources */ = {isa = PBXBuildFile; fileRef = 7816ADFB2C91A140008179BA /* swiftui_video_player.gif */; };
		7816ADFF2C9337EA008179BA /* ButtonsBuilder.swift in Sources */ = {isa = PBXBuildFile; fileRef = 7816ADFE2C9337EA008179BA /* ButtonsBuilder.swift */; };
		7816AE022C933B48008179BA /* BrightnessSlider.swift in Sources */ = {isa = PBXBuildFile; fileRef = 7816AE012C933B48008179BA /* BrightnessSlider.swift */; };
		7816AE042C933BF2008179BA /* ContrastSlider.swift in Sources */ = {isa = PBXBuildFile; fileRef = 7816AE032C933BF2008179BA /* ContrastSlider.swift */; };
		7816AE062C933E93008179BA /* PlayButton.swift in Sources */ = {isa = PBXBuildFile; fileRef = 7816AE052C933E93008179BA /* PlayButton.swift */; };
		7816AE082C933FCB008179BA /* FiltersPicker.swift in Sources */ = {isa = PBXBuildFile; fileRef = 7816AE072C933FCB008179BA /* FiltersPicker.swift */; };
		7816AE0A2C9340FE008179BA /* VectorToggle.swift in Sources */ = {isa = PBXBuildFile; fileRef = 7816AE092C9340FE008179BA /* VectorToggle.swift */; };
		7816AE0C2C9341D8008179BA /* MuteButton.swift in Sources */ = {isa = PBXBuildFile; fileRef = 7816AE0B2C9341D7008179BA /* MuteButton.swift */; };
		7816AE102C934269008179BA /* SeekButton.swift in Sources */ = {isa = PBXBuildFile; fileRef = 7816AE0F2C934269008179BA /* SeekButton.swift */; };
		7816AE122C93430F008179BA /* BeginButton.swift in Sources */ = {isa = PBXBuildFile; fileRef = 7816AE112C93430F008179BA /* BeginButton.swift */; };
		7816AE142C934365008179BA /* EndButton.swift in Sources */ = {isa = PBXBuildFile; fileRef = 7816AE132C934365008179BA /* EndButton.swift */; };
		7816AE172C9345BA008179BA /* Video8ViewModel.swift in Sources */ = {isa = PBXBuildFile; fileRef = 7816AE162C9345BA008179BA /* Video8ViewModel.swift */; };
		7816AE192C93473E008179BA /* TimeSlider.swift in Sources */ = {isa = PBXBuildFile; fileRef = 7816AE182C93473E008179BA /* TimeSlider.swift */; };
		7816AE1B2C93503E008179BA /* VideoURLPicker.swift in Sources */ = {isa = PBXBuildFile; fileRef = 7816AE1A2C93503E008179BA /* VideoURLPicker.swift */; };
		7816AE222C942A19008179BA /* Video8ViewModel.swift in Sources */ = {isa = PBXBuildFile; fileRef = 7816AE162C9345BA008179BA /* Video8ViewModel.swift */; };
		7816AE232C942A2F008179BA /* VideoURLPicker.swift in Sources */ = {isa = PBXBuildFile; fileRef = 7816AE1A2C93503E008179BA /* VideoURLPicker.swift */; };
		7816AE242C942A37008179BA /* TimeSlider.swift in Sources */ = {isa = PBXBuildFile; fileRef = 7816AE182C93473E008179BA /* TimeSlider.swift */; };
		7816AE252C942A46008179BA /* BeginButton.swift in Sources */ = {isa = PBXBuildFile; fileRef = 7816AE112C93430F008179BA /* BeginButton.swift */; };
		7816AE262C942A46008179BA /* FiltersPicker.swift in Sources */ = {isa = PBXBuildFile; fileRef = 7816AE072C933FCB008179BA /* FiltersPicker.swift */; };
		7816AE272C942A46008179BA /* EndButton.swift in Sources */ = {isa = PBXBuildFile; fileRef = 7816AE132C934365008179BA /* EndButton.swift */; };
		7816AE282C942A46008179BA /* ContrastSlider.swift in Sources */ = {isa = PBXBuildFile; fileRef = 7816AE032C933BF2008179BA /* ContrastSlider.swift */; };
		7816AE292C942A46008179BA /* PlayButton.swift in Sources */ = {isa = PBXBuildFile; fileRef = 7816AE052C933E93008179BA /* PlayButton.swift */; };
		7816AE2A2C942A46008179BA /* VectorToggle.swift in Sources */ = {isa = PBXBuildFile; fileRef = 7816AE092C9340FE008179BA /* VectorToggle.swift */; };
		7816AE2B2C942A46008179BA /* MuteButton.swift in Sources */ = {isa = PBXBuildFile; fileRef = 7816AE0B2C9341D7008179BA /* MuteButton.swift */; };
		7816AE2C2C942A46008179BA /* SeekButton.swift in Sources */ = {isa = PBXBuildFile; fileRef = 7816AE0F2C934269008179BA /* SeekButton.swift */; };
		7816AE2D2C942A46008179BA /* BrightnessSlider.swift in Sources */ = {isa = PBXBuildFile; fileRef = 7816AE012C933B48008179BA /* BrightnessSlider.swift */; };
		7816AE2E2C942A57008179BA /* ButtonsBuilder.swift in Sources */ = {isa = PBXBuildFile; fileRef = 7816ADFE2C9337EA008179BA /* ButtonsBuilder.swift */; };
		7816AE352C943842008179BA /* MeasureWidth.swift in Sources */ = {isa = PBXBuildFile; fileRef = 7816AE342C943842008179BA /* MeasureWidth.swift */; };
		7816AE362C94388E008179BA /* MeasureWidth.swift in Sources */ = {isa = PBXBuildFile; fileRef = 7816AE342C943842008179BA /* MeasureWidth.swift */; };
		78446B912C820FF0003CF3F1 /* VideoPlayerModel.swift in Sources */ = {isa = PBXBuildFile; fileRef = 78446B902C820FF0003CF3F1 /* VideoPlayerModel.swift */; };
		78446BA02C821C9E003CF3F1 /* VideoPlayerModel.swift in Sources */ = {isa = PBXBuildFile; fileRef = 78446B902C820FF0003CF3F1 /* VideoPlayerModel.swift */; };
		784A16232A58374B00E8BBEA /* swiftui.gif in Resources */ = {isa = PBXBuildFile; fileRef = 784A16222A58374B00E8BBEA /* swiftui.gif */; };
		7876EDE12C80B0590084DC8C /* Video11.swift in Sources */ = {isa = PBXBuildFile; fileRef = 7876EDE02C80B0590084DC8C /* Video11.swift */; };
		7876EDE32C80B09D0084DC8C /* Video2.swift in Sources */ = {isa = PBXBuildFile; fileRef = 7876EDE22C80B09D0084DC8C /* Video2.swift */; };
		7876EDE52C80B0D00084DC8C /* Video3.swift in Sources */ = {isa = PBXBuildFile; fileRef = 7876EDE42C80B0D00084DC8C /* Video3.swift */; };
		7876EDE82C80B1310084DC8C /* ResponsiveStack.swift in Sources */ = {isa = PBXBuildFile; fileRef = 7876EDE72C80B1310084DC8C /* ResponsiveStack.swift */; };
		7876EDEA2C80B69F0084DC8C /* NavigationUITests.swift in Sources */ = {isa = PBXBuildFile; fileRef = 7876EDE92C80B69F0084DC8C /* NavigationUITests.swift */; };
		788D66212A5B1B7B0047A134 /* swiftui_video_hint.gif in Resources */ = {isa = PBXBuildFile; fileRef = 788D66202A5B1B7B0047A134 /* swiftui_video_hint.gif */; };
		7892F7342C6BDFE600B7A3B5 /* rotate.gif in Resources */ = {isa = PBXBuildFile; fileRef = 7892F7332C6BDFE600B7A3B5 /* rotate.gif */; };
		7892F7382C6CA80800B7A3B5 /* rotate_around_edge.gif in Resources */ = {isa = PBXBuildFile; fileRef = 7892F7372C6CA80800B7A3B5 /* rotate_around_edge.gif */; };
		78A2F66D2C95EA2200D2BF05 /* swiftui-loop-videoplayer in Frameworks */ = {isa = PBXBuildFile; productRef = 78A2F66C2C95EA2200D2BF05 /* swiftui-loop-videoplayer */; };
		78ABCBFB2C870C670083884B /* Video8.swift in Sources */ = {isa = PBXBuildFile; fileRef = 78D7B6722C6E1CE1002833B3 /* Video8.swift */; };
		78ABCBFC2C870C690083884B /* Video6.swift in Sources */ = {isa = PBXBuildFile; fileRef = 78F87B3E2C6668F0007E26CD /* Video6.swift */; };
		78ABCBFD2C870C6C0083884B /* Video1.swift in Sources */ = {isa = PBXBuildFile; fileRef = 78D7B6742C6E2C13002833B3 /* Video1.swift */; };
		78ABCBFE2C870C6F0083884B /* Video11.swift in Sources */ = {isa = PBXBuildFile; fileRef = 7876EDE02C80B0590084DC8C /* Video11.swift */; };
		78ABCBFF2C870C720083884B /* Video2.swift in Sources */ = {isa = PBXBuildFile; fileRef = 7876EDE22C80B09D0084DC8C /* Video2.swift */; };
		78ABCC002C870C740083884B /* Video3.swift in Sources */ = {isa = PBXBuildFile; fileRef = 7876EDE42C80B0D00084DC8C /* Video3.swift */; };
		78ABCC022C870CA00083884B /* ResponsiveStack.swift in Sources */ = {isa = PBXBuildFile; fileRef = 7876EDE72C80B1310084DC8C /* ResponsiveStack.swift */; };
		78ABCC032C870CAC0083884B /* VectorLogoLayer.swift in Sources */ = {isa = PBXBuildFile; fileRef = 78F87B5E2C6BB28C007E26CD /* VectorLogoLayer.swift */; };
		78ABCC042C870CB00083884B /* ArtFilter.swift in Sources */ = {isa = PBXBuildFile; fileRef = 78F87B492C6B484D007E26CD /* ArtFilter.swift */; };
		78ABCC062C87298B0083884B /* LoopUITests.swift in Sources */ = {isa = PBXBuildFile; fileRef = 78ABCC052C87298B0083884B /* LoopUITests.swift */; };
		78ABCC082C883B730083884B /* ErrorsUITests.swift in Sources */ = {isa = PBXBuildFile; fileRef = 78ABCC072C883B730083884B /* ErrorsUITests.swift */; };
		78ABCC0B2C88482C0083884B /* AppManager.swift in Sources */ = {isa = PBXBuildFile; fileRef = 78ABCC0A2C88482C0083884B /* AppManager.swift */; };
		78ABCC0E2C8848E80083884B /* Initializable.swift in Sources */ = {isa = PBXBuildFile; fileRef = 78ABCC0D2C8848E80083884B /* Initializable.swift */; };
		78ABCC112C884E580083884B /* Navigable.swift in Sources */ = {isa = PBXBuildFile; fileRef = 78ABCC102C884E580083884B /* Navigable.swift */; };
		78ABCC152C89A3310083884B /* Existing.swift in Sources */ = {isa = PBXBuildFile; fileRef = 78ABCC142C89A3310083884B /* Existing.swift */; };
		78ABCC172C89A5E50083884B /* Extractor.swift in Sources */ = {isa = PBXBuildFile; fileRef = 78ABCC162C89A5E50083884B /* Extractor.swift */; };
		78ABCC1C2C89BC060083884B /* run_tests.sh in Resources */ = {isa = PBXBuildFile; fileRef = 78ABCC1B2C89BC060083884B /* run_tests.sh */; };
		78ABCC1E2C89BEED0083884B /* test_config.yml in Resources */ = {isa = PBXBuildFile; fileRef = 78ABCC1D2C89BEED0083884B /* test_config.yml */; };
		78ABCC242C8F5E280083884B /* VideoTpl.swift in Sources */ = {isa = PBXBuildFile; fileRef = 78ABCC232C8F5E280083884B /* VideoTpl.swift */; };
		78ABCC302C9043960083884B /* VideoTpl.swift in Sources */ = {isa = PBXBuildFile; fileRef = 78ABCC232C8F5E280083884B /* VideoTpl.swift */; };
		78AF7BEC2A52A9DA0028E9E3 /* swiftui_loop_videoplayer_exampleApp.swift in Sources */ = {isa = PBXBuildFile; fileRef = 78AF7BEB2A52A9DA0028E9E3 /* swiftui_loop_videoplayer_exampleApp.swift */; };
		78AF7BEE2A52A9DA0028E9E3 /* ContentView.swift in Sources */ = {isa = PBXBuildFile; fileRef = 78AF7BED2A52A9DA0028E9E3 /* ContentView.swift */; };
		78AF7BF02A52A9DB0028E9E3 /* Assets.xcassets in Resources */ = {isa = PBXBuildFile; fileRef = 78AF7BEF2A52A9DB0028E9E3 /* Assets.xcassets */; };
		78AF7BF32A52A9DB0028E9E3 /* Preview Assets.xcassets in Resources */ = {isa = PBXBuildFile; fileRef = 78AF7BF22A52A9DB0028E9E3 /* Preview Assets.xcassets */; };
		78AF7BFD2A52AA5D0028E9E3 /* swipe.mp4 in Resources */ = {isa = PBXBuildFile; fileRef = 78AF7BFC2A52AA5D0028E9E3 /* swipe.mp4 */; };
		78AF7C072A52BFBB0028E9E3 /* README.md in Resources */ = {isa = PBXBuildFile; fileRef = 78AF7C062A52BFBB0028E9E3 /* README.md */; };
		78B42EF32C529785005E2367 /* macos.gif in Resources */ = {isa = PBXBuildFile; fileRef = 78B42EF22C529785005E2367 /* macos.gif */; };
		78D7B6732C6E1CE1002833B3 /* Video8.swift in Sources */ = {isa = PBXBuildFile; fileRef = 78D7B6722C6E1CE1002833B3 /* Video8.swift */; };
		78D7B6752C6E2C13002833B3 /* Video1.swift in Sources */ = {isa = PBXBuildFile; fileRef = 78D7B6742C6E2C13002833B3 /* Video1.swift */; };
		78F87B3F2C6668F0007E26CD /* Video6.swift in Sources */ = {isa = PBXBuildFile; fileRef = 78F87B3E2C6668F0007E26CD /* Video6.swift */; };
		78F87B452C6743AD007E26CD /* video_filters.gif in Resources */ = {isa = PBXBuildFile; fileRef = 78F87B442C6743AC007E26CD /* video_filters.gif */; };
		78F87B4A2C6B484D007E26CD /* ArtFilter.swift in Sources */ = {isa = PBXBuildFile; fileRef = 78F87B492C6B484D007E26CD /* ArtFilter.swift */; };
		78F87B512C6B4D69007E26CD /* apple_logo.mp4 in Resources */ = {isa = PBXBuildFile; fileRef = 78F87B502C6B4D69007E26CD /* apple_logo.mp4 */; };
		78F87B602C6BB28C007E26CD /* VectorLogoLayer.swift in Sources */ = {isa = PBXBuildFile; fileRef = 78F87B5E2C6BB28C007E26CD /* VectorLogoLayer.swift */; };
		78F87B642C6BB689007E26CD /* vector.gif in Resources */ = {isa = PBXBuildFile; fileRef = 78F87B632C6BB689007E26CD /* vector.gif */; };
/* End PBXBuildFile section */

/* Begin PBXContainerItemProxy section */
		7876EDDB2C80AFBA0084DC8C /* PBXContainerItemProxy */ = {
			isa = PBXContainerItemProxy;
			containerPortal = 78AF7BE02A52A9DA0028E9E3 /* Project object */;
			proxyType = 1;
			remoteGlobalIDString = 78AF7BE72A52A9DA0028E9E3;
			remoteInfo = "swiftui-loop-videoplayer-example";
		};
/* End PBXContainerItemProxy section */

/* Begin PBXFileReference section */
		7810A3D42A7CE3570032340D /* tip_video_swiftui.gif */ = {isa = PBXFileReference; lastKnownFileType = image.gif; path = tip_video_swiftui.gif; sourceTree = "<group>"; };
		7816ADFB2C91A140008179BA /* swiftui_video_player.gif */ = {isa = PBXFileReference; lastKnownFileType = image.gif; path = swiftui_video_player.gif; sourceTree = "<group>"; };
		7816ADFE2C9337EA008179BA /* ButtonsBuilder.swift */ = {isa = PBXFileReference; lastKnownFileType = sourcecode.swift; path = ButtonsBuilder.swift; sourceTree = "<group>"; };
		7816AE012C933B48008179BA /* BrightnessSlider.swift */ = {isa = PBXFileReference; lastKnownFileType = sourcecode.swift; path = BrightnessSlider.swift; sourceTree = "<group>"; };
		7816AE032C933BF2008179BA /* ContrastSlider.swift */ = {isa = PBXFileReference; lastKnownFileType = sourcecode.swift; path = ContrastSlider.swift; sourceTree = "<group>"; };
		7816AE052C933E93008179BA /* PlayButton.swift */ = {isa = PBXFileReference; lastKnownFileType = sourcecode.swift; path = PlayButton.swift; sourceTree = "<group>"; };
		7816AE072C933FCB008179BA /* FiltersPicker.swift */ = {isa = PBXFileReference; lastKnownFileType = sourcecode.swift; path = FiltersPicker.swift; sourceTree = "<group>"; };
		7816AE092C9340FE008179BA /* VectorToggle.swift */ = {isa = PBXFileReference; lastKnownFileType = sourcecode.swift; path = VectorToggle.swift; sourceTree = "<group>"; };
		7816AE0B2C9341D7008179BA /* MuteButton.swift */ = {isa = PBXFileReference; lastKnownFileType = sourcecode.swift; path = MuteButton.swift; sourceTree = "<group>"; };
		7816AE0F2C934269008179BA /* SeekButton.swift */ = {isa = PBXFileReference; lastKnownFileType = sourcecode.swift; path = SeekButton.swift; sourceTree = "<group>"; };
		7816AE112C93430F008179BA /* BeginButton.swift */ = {isa = PBXFileReference; lastKnownFileType = sourcecode.swift; path = BeginButton.swift; sourceTree = "<group>"; };
		7816AE132C934365008179BA /* EndButton.swift */ = {isa = PBXFileReference; lastKnownFileType = sourcecode.swift; path = EndButton.swift; sourceTree = "<group>"; };
		7816AE162C9345BA008179BA /* Video8ViewModel.swift */ = {isa = PBXFileReference; lastKnownFileType = sourcecode.swift; path = Video8ViewModel.swift; sourceTree = "<group>"; };
		7816AE182C93473E008179BA /* TimeSlider.swift */ = {isa = PBXFileReference; lastKnownFileType = sourcecode.swift; path = TimeSlider.swift; sourceTree = "<group>"; };
		7816AE1A2C93503E008179BA /* VideoURLPicker.swift */ = {isa = PBXFileReference; lastKnownFileType = sourcecode.swift; path = VideoURLPicker.swift; sourceTree = "<group>"; };
		7816AE342C943842008179BA /* MeasureWidth.swift */ = {isa = PBXFileReference; lastKnownFileType = sourcecode.swift; path = MeasureWidth.swift; sourceTree = "<group>"; };
		78446B902C820FF0003CF3F1 /* VideoPlayerModel.swift */ = {isa = PBXFileReference; lastKnownFileType = sourcecode.swift; path = VideoPlayerModel.swift; sourceTree = "<group>"; };
		784A16222A58374B00E8BBEA /* swiftui.gif */ = {isa = PBXFileReference; lastKnownFileType = image.gif; path = swiftui.gif; sourceTree = "<group>"; };
		786A7B9A2C60C77800018844 /* Info.plist */ = {isa = PBXFileReference; lastKnownFileType = text.plist; path = Info.plist; sourceTree = "<group>"; };
		7876EDD52C80AFBA0084DC8C /* VideoPlayerUITests.xctest */ = {isa = PBXFileReference; explicitFileType = wrapper.cfbundle; includeInIndex = 0; path = VideoPlayerUITests.xctest; sourceTree = BUILT_PRODUCTS_DIR; };
		7876EDE02C80B0590084DC8C /* Video11.swift */ = {isa = PBXFileReference; lastKnownFileType = sourcecode.swift; path = Video11.swift; sourceTree = "<group>"; };
		7876EDE22C80B09D0084DC8C /* Video2.swift */ = {isa = PBXFileReference; lastKnownFileType = sourcecode.swift; path = Video2.swift; sourceTree = "<group>"; };
		7876EDE42C80B0D00084DC8C /* Video3.swift */ = {isa = PBXFileReference; lastKnownFileType = sourcecode.swift; path = Video3.swift; sourceTree = "<group>"; };
		7876EDE72C80B1310084DC8C /* ResponsiveStack.swift */ = {isa = PBXFileReference; lastKnownFileType = sourcecode.swift; path = ResponsiveStack.swift; sourceTree = "<group>"; };
		7876EDE92C80B69F0084DC8C /* NavigationUITests.swift */ = {isa = PBXFileReference; lastKnownFileType = sourcecode.swift; path = NavigationUITests.swift; sourceTree = "<group>"; };
		788D66202A5B1B7B0047A134 /* swiftui_video_hint.gif */ = {isa = PBXFileReference; lastKnownFileType = image.gif; path = swiftui_video_hint.gif; sourceTree = "<group>"; };
		7892F7332C6BDFE600B7A3B5 /* rotate.gif */ = {isa = PBXFileReference; lastKnownFileType = image.gif; path = rotate.gif; sourceTree = "<group>"; };
		7892F7372C6CA80800B7A3B5 /* rotate_around_edge.gif */ = {isa = PBXFileReference; lastKnownFileType = image.gif; path = rotate_around_edge.gif; sourceTree = "<group>"; };
		78ABCC052C87298B0083884B /* LoopUITests.swift */ = {isa = PBXFileReference; lastKnownFileType = sourcecode.swift; path = LoopUITests.swift; sourceTree = "<group>"; };
		78ABCC072C883B730083884B /* ErrorsUITests.swift */ = {isa = PBXFileReference; lastKnownFileType = sourcecode.swift; path = ErrorsUITests.swift; sourceTree = "<group>"; };
		78ABCC0A2C88482C0083884B /* AppManager.swift */ = {isa = PBXFileReference; lastKnownFileType = sourcecode.swift; path = AppManager.swift; sourceTree = "<group>"; };
		78ABCC0D2C8848E80083884B /* Initializable.swift */ = {isa = PBXFileReference; lastKnownFileType = sourcecode.swift; path = Initializable.swift; sourceTree = "<group>"; };
		78ABCC0F2C884DB70083884B /* swiftui-loop-videoplayer-example.xctestplan */ = {isa = PBXFileReference; lastKnownFileType = text; path = "swiftui-loop-videoplayer-example.xctestplan"; sourceTree = "<group>"; };
		78ABCC102C884E580083884B /* Navigable.swift */ = {isa = PBXFileReference; lastKnownFileType = sourcecode.swift; path = Navigable.swift; sourceTree = "<group>"; };
		78ABCC142C89A3310083884B /* Existing.swift */ = {isa = PBXFileReference; lastKnownFileType = sourcecode.swift; path = Existing.swift; sourceTree = "<group>"; };
		78ABCC162C89A5E50083884B /* Extractor.swift */ = {isa = PBXFileReference; lastKnownFileType = sourcecode.swift; path = Extractor.swift; sourceTree = "<group>"; };
		78ABCC1B2C89BC060083884B /* run_tests.sh */ = {isa = PBXFileReference; lastKnownFileType = text.script.sh; path = run_tests.sh; sourceTree = "<group>"; };
		78ABCC1D2C89BEED0083884B /* test_config.yml */ = {isa = PBXFileReference; lastKnownFileType = text.yaml; path = test_config.yml; sourceTree = "<group>"; };
		78ABCC232C8F5E280083884B /* VideoTpl.swift */ = {isa = PBXFileReference; fileEncoding = 4; lastKnownFileType = sourcecode.swift; path = VideoTpl.swift; sourceTree = "<group>"; };
		78AF7BE82A52A9DA0028E9E3 /* swiftui-loop-videoplayer-example.app */ = {isa = PBXFileReference; explicitFileType = wrapper.application; includeInIndex = 0; path = "swiftui-loop-videoplayer-example.app"; sourceTree = BUILT_PRODUCTS_DIR; };
		78AF7BEB2A52A9DA0028E9E3 /* swiftui_loop_videoplayer_exampleApp.swift */ = {isa = PBXFileReference; lastKnownFileType = sourcecode.swift; path = swiftui_loop_videoplayer_exampleApp.swift; sourceTree = "<group>"; };
		78AF7BED2A52A9DA0028E9E3 /* ContentView.swift */ = {isa = PBXFileReference; lastKnownFileType = sourcecode.swift; path = ContentView.swift; sourceTree = "<group>"; };
		78AF7BEF2A52A9DB0028E9E3 /* Assets.xcassets */ = {isa = PBXFileReference; lastKnownFileType = folder.assetcatalog; path = Assets.xcassets; sourceTree = "<group>"; };
		78AF7BF22A52A9DB0028E9E3 /* Preview Assets.xcassets */ = {isa = PBXFileReference; lastKnownFileType = folder.assetcatalog; path = "Preview Assets.xcassets"; sourceTree = "<group>"; };
		78AF7BFC2A52AA5D0028E9E3 /* swipe.mp4 */ = {isa = PBXFileReference; lastKnownFileType = file; path = swipe.mp4; sourceTree = "<group>"; };
		78AF7C062A52BFBB0028E9E3 /* README.md */ = {isa = PBXFileReference; fileEncoding = 4; lastKnownFileType = net.daringfireball.markdown; path = README.md; sourceTree = "<group>"; };
		78B42EF22C529785005E2367 /* macos.gif */ = {isa = PBXFileReference; lastKnownFileType = image.gif; path = macos.gif; sourceTree = "<group>"; };
		78D7B6722C6E1CE1002833B3 /* Video8.swift */ = {isa = PBXFileReference; fileEncoding = 4; lastKnownFileType = sourcecode.swift; path = Video8.swift; sourceTree = "<group>"; };
		78D7B6742C6E2C13002833B3 /* Video1.swift */ = {isa = PBXFileReference; lastKnownFileType = sourcecode.swift; path = Video1.swift; sourceTree = "<group>"; };
		78F87B3E2C6668F0007E26CD /* Video6.swift */ = {isa = PBXFileReference; lastKnownFileType = sourcecode.swift; path = Video6.swift; sourceTree = "<group>"; };
		78F87B442C6743AC007E26CD /* video_filters.gif */ = {isa = PBXFileReference; lastKnownFileType = image.gif; path = video_filters.gif; sourceTree = "<group>"; };
		78F87B492C6B484D007E26CD /* ArtFilter.swift */ = {isa = PBXFileReference; lastKnownFileType = sourcecode.swift; path = ArtFilter.swift; sourceTree = "<group>"; };
		78F87B502C6B4D69007E26CD /* apple_logo.mp4 */ = {isa = PBXFileReference; lastKnownFileType = file; path = apple_logo.mp4; sourceTree = "<group>"; };
		78F87B5E2C6BB28C007E26CD /* VectorLogoLayer.swift */ = {isa = PBXFileReference; fileEncoding = 4; lastKnownFileType = sourcecode.swift; path = VectorLogoLayer.swift; sourceTree = "<group>"; };
		78F87B632C6BB689007E26CD /* vector.gif */ = {isa = PBXFileReference; lastKnownFileType = image.gif; path = vector.gif; sourceTree = "<group>"; };
/* End PBXFileReference section */

/* Begin PBXFrameworksBuildPhase section */
		7876EDD22C80AFBA0084DC8C /* Frameworks */ = {
			isa = PBXFrameworksBuildPhase;
			buildActionMask = 2147483647;
			files = (
			);
			runOnlyForDeploymentPostprocessing = 0;
		};
		78AF7BE52A52A9DA0028E9E3 /* Frameworks */ = {
			isa = PBXFrameworksBuildPhase;
			buildActionMask = 2147483647;
			files = (
				78A2F66D2C95EA2200D2BF05 /* swiftui-loop-videoplayer in Frameworks */,
			);
			runOnlyForDeploymentPostprocessing = 0;
		};
/* End PBXFrameworksBuildPhase section */

/* Begin PBXGroup section */
		7816ADFD2C9337D5008179BA /* utils */ = {
			isa = PBXGroup;
			children = (
				7816ADFE2C9337EA008179BA /* ButtonsBuilder.swift */,
			);
			path = utils;
			sourceTree = "<group>";
		};
		7816AE002C933B28008179BA /* controls */ = {
			isa = PBXGroup;
			children = (
				7816AE012C933B48008179BA /* BrightnessSlider.swift */,
				7816AE032C933BF2008179BA /* ContrastSlider.swift */,
				7816AE052C933E93008179BA /* PlayButton.swift */,
				7816AE072C933FCB008179BA /* FiltersPicker.swift */,
				7816AE092C9340FE008179BA /* VectorToggle.swift */,
				7816AE0B2C9341D7008179BA /* MuteButton.swift */,
				7816AE0F2C934269008179BA /* SeekButton.swift */,
				7816AE112C93430F008179BA /* BeginButton.swift */,
				7816AE132C934365008179BA /* EndButton.swift */,
				7816AE182C93473E008179BA /* TimeSlider.swift */,
				7816AE1A2C93503E008179BA /* VideoURLPicker.swift */,
			);
			path = controls;
			sourceTree = "<group>";
		};
		7816AE152C93459E008179BA /* viewModel */ = {
			isa = PBXGroup;
			children = (
				7816AE162C9345BA008179BA /* Video8ViewModel.swift */,
			);
			path = viewModel;
			sourceTree = "<group>";
		};
		7816AE332C94382B008179BA /* modifier */ = {
			isa = PBXGroup;
			children = (
				7816AE342C943842008179BA /* MeasureWidth.swift */,
			);
			path = modifier;
			sourceTree = "<group>";
		};
		78446B8F2C820FD6003CF3F1 /* model */ = {
			isa = PBXGroup;
			children = (
				78446B902C820FF0003CF3F1 /* VideoPlayerModel.swift */,
			);
			path = model;
			sourceTree = "<group>";
		};
		7876EDD62C80AFBA0084DC8C /* VideoPlayerUITests */ = {
			isa = PBXGroup;
			children = (
				78ABCC0C2C8848C30083884B /* protocol */,
				78ABCC092C8848160083884B /* utility */,
				7876EDE92C80B69F0084DC8C /* NavigationUITests.swift */,
				78ABCC052C87298B0083884B /* LoopUITests.swift */,
				78ABCC072C883B730083884B /* ErrorsUITests.swift */,
			);
			path = VideoPlayerUITests;
			sourceTree = "<group>";
		};
		7876EDE62C80B11B0084DC8C /* video */ = {
			isa = PBXGroup;
			children = (
				78D7B6722C6E1CE1002833B3 /* Video8.swift */,
				78F87B3E2C6668F0007E26CD /* Video6.swift */,
				78D7B6742C6E2C13002833B3 /* Video1.swift */,
				7876EDE02C80B0590084DC8C /* Video11.swift */,
				7876EDE22C80B09D0084DC8C /* Video2.swift */,
				7876EDE42C80B0D00084DC8C /* Video3.swift */,
			);
			path = video;
			sourceTree = "<group>";
		};
		78ABCC092C8848160083884B /* utility */ = {
			isa = PBXGroup;
			children = (
				78ABCC0A2C88482C0083884B /* AppManager.swift */,
				78ABCC162C89A5E50083884B /* Extractor.swift */,
			);
			path = utility;
			sourceTree = "<group>";
		};
		78ABCC0C2C8848C30083884B /* protocol */ = {
			isa = PBXGroup;
			children = (
				78ABCC0D2C8848E80083884B /* Initializable.swift */,
				78ABCC102C884E580083884B /* Navigable.swift */,
				78ABCC142C89A3310083884B /* Existing.swift */,
			);
			path = protocol;
			sourceTree = "<group>";
		};
		78ABCC202C8F5DCD0083884B /* protocol */ = {
			isa = PBXGroup;
			children = (
				78ABCC232C8F5E280083884B /* VideoTpl.swift */,
			);
			path = protocol;
			sourceTree = "<group>";
		};
		78AF7BDF2A52A9DA0028E9E3 = {
			isa = PBXGroup;
			children = (
				78ABCC1D2C89BEED0083884B /* test_config.yml */,
				78ABCC1B2C89BC060083884B /* run_tests.sh */,
				78ABCC0F2C884DB70083884B /* swiftui-loop-videoplayer-example.xctestplan */,
				78AF7C062A52BFBB0028E9E3 /* README.md */,
				78AF7BEA2A52A9DA0028E9E3 /* swiftui-loop-videoplayer-example */,
				7876EDD62C80AFBA0084DC8C /* VideoPlayerUITests */,
				78AF7BE92A52A9DA0028E9E3 /* Products */,
				78AF7BFE2A52AA6D0028E9E3 /* Frameworks */,
			);
			sourceTree = "<group>";
		};
		78AF7BE92A52A9DA0028E9E3 /* Products */ = {
			isa = PBXGroup;
			children = (
				78AF7BE82A52A9DA0028E9E3 /* swiftui-loop-videoplayer-example.app */,
				7876EDD52C80AFBA0084DC8C /* VideoPlayerUITests.xctest */,
			);
			name = Products;
			sourceTree = "<group>";
		};
		78AF7BEA2A52A9DA0028E9E3 /* swiftui-loop-videoplayer-example */ = {
			isa = PBXGroup;
			children = (
				7816AE332C94382B008179BA /* modifier */,
				7816AE152C93459E008179BA /* viewModel */,
				7816ADFD2C9337D5008179BA /* utils */,
				78ABCC202C8F5DCD0083884B /* protocol */,
				78446B8F2C820FD6003CF3F1 /* model */,
				78F87B5F2C6BB28C007E26CD /* vector */,
				78F87B4E2C6B48B9007E26CD /* views */,
				78F87B482C6B4836007E26CD /* filters */,
				786A7B9A2C60C77800018844 /* Info.plist */,
				78AF7C012A52BDDF0028E9E3 /* img */,
				78AF7BFB2A52AA5D0028E9E3 /* Resources */,
				78AF7BEB2A52A9DA0028E9E3 /* swiftui_loop_videoplayer_exampleApp.swift */,
				78AF7BED2A52A9DA0028E9E3 /* ContentView.swift */,
				78AF7BEF2A52A9DB0028E9E3 /* Assets.xcassets */,
				78AF7BF12A52A9DB0028E9E3 /* Preview Content */,
			);
			path = "swiftui-loop-videoplayer-example";
			sourceTree = "<group>";
		};
		78AF7BF12A52A9DB0028E9E3 /* Preview Content */ = {
			isa = PBXGroup;
			children = (
				78AF7BF22A52A9DB0028E9E3 /* Preview Assets.xcassets */,
			);
			path = "Preview Content";
			sourceTree = "<group>";
		};
		78AF7BFB2A52AA5D0028E9E3 /* Resources */ = {
			isa = PBXGroup;
			children = (
				78F87B502C6B4D69007E26CD /* apple_logo.mp4 */,
				78AF7BFC2A52AA5D0028E9E3 /* swipe.mp4 */,
			);
			path = Resources;
			sourceTree = "<group>";
		};
		78AF7BFE2A52AA6D0028E9E3 /* Frameworks */ = {
			isa = PBXGroup;
			children = (
			);
			name = Frameworks;
			sourceTree = "<group>";
		};
		78AF7C012A52BDDF0028E9E3 /* img */ = {
			isa = PBXGroup;
			children = (
				7816ADFB2C91A140008179BA /* swiftui_video_player.gif */,
				7892F7332C6BDFE600B7A3B5 /* rotate.gif */,
				7892F7372C6CA80800B7A3B5 /* rotate_around_edge.gif */,
				78F87B442C6743AC007E26CD /* video_filters.gif */,
				78F87B632C6BB689007E26CD /* vector.gif */,
				7810A3D42A7CE3570032340D /* tip_video_swiftui.gif */,
				78B42EF22C529785005E2367 /* macos.gif */,
				788D66202A5B1B7B0047A134 /* swiftui_video_hint.gif */,
				784A16222A58374B00E8BBEA /* swiftui.gif */,
			);
			path = img;
			sourceTree = "<group>";
		};
		78F87B482C6B4836007E26CD /* filters */ = {
			isa = PBXGroup;
			children = (
				78F87B492C6B484D007E26CD /* ArtFilter.swift */,
			);
			path = filters;
			sourceTree = "<group>";
		};
		78F87B4E2C6B48B9007E26CD /* views */ = {
			isa = PBXGroup;
			children = (
				7816AE002C933B28008179BA /* controls */,
				7876EDE62C80B11B0084DC8C /* video */,
				7876EDE72C80B1310084DC8C /* ResponsiveStack.swift */,
			);
			path = views;
			sourceTree = "<group>";
		};
		78F87B5F2C6BB28C007E26CD /* vector */ = {
			isa = PBXGroup;
			children = (
				78F87B5E2C6BB28C007E26CD /* VectorLogoLayer.swift */,
			);
			path = vector;
			sourceTree = "<group>";
		};
/* End PBXGroup section */

/* Begin PBXNativeTarget section */
		7876EDD42C80AFBA0084DC8C /* VideoPlayerUITests */ = {
			isa = PBXNativeTarget;
			buildConfigurationList = 7876EDDD2C80AFBA0084DC8C /* Build configuration list for PBXNativeTarget "VideoPlayerUITests" */;
			buildPhases = (
				7876EDD12C80AFBA0084DC8C /* Sources */,
				7876EDD22C80AFBA0084DC8C /* Frameworks */,
				7876EDD32C80AFBA0084DC8C /* Resources */,
			);
			buildRules = (
			);
			dependencies = (
				7876EDDC2C80AFBA0084DC8C /* PBXTargetDependency */,
			);
			name = VideoPlayerUITests;
			packageProductDependencies = (
			);
			productName = VideoPlayerUITests;
			productReference = 7876EDD52C80AFBA0084DC8C /* VideoPlayerUITests.xctest */;
			productType = "com.apple.product-type.bundle.ui-testing";
		};
		78AF7BE72A52A9DA0028E9E3 /* swiftui-loop-videoplayer-example */ = {
			isa = PBXNativeTarget;
			buildConfigurationList = 78AF7BF62A52A9DB0028E9E3 /* Build configuration list for PBXNativeTarget "swiftui-loop-videoplayer-example" */;
			buildPhases = (
				78AF7BE42A52A9DA0028E9E3 /* Sources */,
				78AF7BE52A52A9DA0028E9E3 /* Frameworks */,
				78AF7BE62A52A9DA0028E9E3 /* Resources */,
			);
			buildRules = (
			);
			dependencies = (
			);
			name = "swiftui-loop-videoplayer-example";
			packageProductDependencies = (
				78A2F66C2C95EA2200D2BF05 /* swiftui-loop-videoplayer */,
			);
			productName = "swiftui-loop-videoplayer-example";
			productReference = 78AF7BE82A52A9DA0028E9E3 /* swiftui-loop-videoplayer-example.app */;
			productType = "com.apple.product-type.application";
		};
/* End PBXNativeTarget section */

/* Begin PBXProject section */
		78AF7BE02A52A9DA0028E9E3 /* Project object */ = {
			isa = PBXProject;
			attributes = {
				BuildIndependentTargetsInParallel = 1;
				LastSwiftUpdateCheck = 1540;
				LastUpgradeCheck = 1540;
				TargetAttributes = {
					7876EDD42C80AFBA0084DC8C = {
						CreatedOnToolsVersion = 15.4;
						LastSwiftMigration = 1540;
						TestTargetID = 78AF7BE72A52A9DA0028E9E3;
					};
					78AF7BE72A52A9DA0028E9E3 = {
						CreatedOnToolsVersion = 14.3;
					};
				};
			};
			buildConfigurationList = 78AF7BE32A52A9DA0028E9E3 /* Build configuration list for PBXProject "swiftui-loop-videoplayer-example" */;
			compatibilityVersion = "Xcode 14.0";
			developmentRegion = en;
			hasScannedForEncodings = 0;
			knownRegions = (
				en,
				Base,
			);
			mainGroup = 78AF7BDF2A52A9DA0028E9E3;
			packageReferences = (
				78A2F66B2C95EA1300D2BF05 /* XCRemoteSwiftPackageReference "swiftui-loop-videoplayer" */,
			);
			productRefGroup = 78AF7BE92A52A9DA0028E9E3 /* Products */;
			projectDirPath = "";
			projectRoot = "";
			targets = (
				78AF7BE72A52A9DA0028E9E3 /* swiftui-loop-videoplayer-example */,
				7876EDD42C80AFBA0084DC8C /* VideoPlayerUITests */,
			);
		};
/* End PBXProject section */

/* Begin PBXResourcesBuildPhase section */
		7876EDD32C80AFBA0084DC8C /* Resources */ = {
			isa = PBXResourcesBuildPhase;
			buildActionMask = 2147483647;
			files = (
			);
			runOnlyForDeploymentPostprocessing = 0;
		};
		78AF7BE62A52A9DA0028E9E3 /* Resources */ = {
			isa = PBXResourcesBuildPhase;
			buildActionMask = 2147483647;
			files = (
				78ABCC1E2C89BEED0083884B /* test_config.yml in Resources */,
				78B42EF32C529785005E2367 /* macos.gif in Resources */,
				78ABCC1C2C89BC060083884B /* run_tests.sh in Resources */,
				78F87B512C6B4D69007E26CD /* apple_logo.mp4 in Resources */,
				78AF7BF32A52A9DB0028E9E3 /* Preview Assets.xcassets in Resources */,
				7892F7382C6CA80800B7A3B5 /* rotate_around_edge.gif in Resources */,
				7892F7342C6BDFE600B7A3B5 /* rotate.gif in Resources */,
				78AF7BFD2A52AA5D0028E9E3 /* swipe.mp4 in Resources */,
				78AF7C072A52BFBB0028E9E3 /* README.md in Resources */,
				7816ADFC2C91A140008179BA /* swiftui_video_player.gif in Resources */,
				78F87B642C6BB689007E26CD /* vector.gif in Resources */,
				7810A3D52A7CE3570032340D /* tip_video_swiftui.gif in Resources */,
				784A16232A58374B00E8BBEA /* swiftui.gif in Resources */,
				78F87B452C6743AD007E26CD /* video_filters.gif in Resources */,
				78AF7BF02A52A9DB0028E9E3 /* Assets.xcassets in Resources */,
				788D66212A5B1B7B0047A134 /* swiftui_video_hint.gif in Resources */,
			);
			runOnlyForDeploymentPostprocessing = 0;
		};
/* End PBXResourcesBuildPhase section */

/* Begin PBXSourcesBuildPhase section */
		7876EDD12C80AFBA0084DC8C /* Sources */ = {
			isa = PBXSourcesBuildPhase;
			buildActionMask = 2147483647;
			files = (
				78ABCC112C884E580083884B /* Navigable.swift in Sources */,
				78ABCC062C87298B0083884B /* LoopUITests.swift in Sources */,
				78ABCBFF2C870C720083884B /* Video2.swift in Sources */,
				78ABCC002C870C740083884B /* Video3.swift in Sources */,
				78ABCC172C89A5E50083884B /* Extractor.swift in Sources */,
				7816AE2E2C942A57008179BA /* ButtonsBuilder.swift in Sources */,
				78ABCBFC2C870C690083884B /* Video6.swift in Sources */,
				78ABCBFE2C870C6F0083884B /* Video11.swift in Sources */,
				7816AE242C942A37008179BA /* TimeSlider.swift in Sources */,
				78ABCBFB2C870C670083884B /* Video8.swift in Sources */,
				78ABCC0B2C88482C0083884B /* AppManager.swift in Sources */,
				7816AE362C94388E008179BA /* MeasureWidth.swift in Sources */,
				78ABCC152C89A3310083884B /* Existing.swift in Sources */,
				7816AE252C942A46008179BA /* BeginButton.swift in Sources */,
				7816AE262C942A46008179BA /* FiltersPicker.swift in Sources */,
				7816AE272C942A46008179BA /* EndButton.swift in Sources */,
				7816AE282C942A46008179BA /* ContrastSlider.swift in Sources */,
				7816AE292C942A46008179BA /* PlayButton.swift in Sources */,
				7816AE2A2C942A46008179BA /* VectorToggle.swift in Sources */,
				7816AE2B2C942A46008179BA /* MuteButton.swift in Sources */,
				7816AE2C2C942A46008179BA /* SeekButton.swift in Sources */,
				7816AE2D2C942A46008179BA /* BrightnessSlider.swift in Sources */,
				78446BA02C821C9E003CF3F1 /* VideoPlayerModel.swift in Sources */,
				78ABCC022C870CA00083884B /* ResponsiveStack.swift in Sources */,
				78ABCC032C870CAC0083884B /* VectorLogoLayer.swift in Sources */,
				7816AE232C942A2F008179BA /* VideoURLPicker.swift in Sources */,
				78ABCC302C9043960083884B /* VideoTpl.swift in Sources */,
				78ABCBFD2C870C6C0083884B /* Video1.swift in Sources */,
				78ABCC082C883B730083884B /* ErrorsUITests.swift in Sources */,
				7876EDEA2C80B69F0084DC8C /* NavigationUITests.swift in Sources */,
				78ABCC0E2C8848E80083884B /* Initializable.swift in Sources */,
				78ABCC042C870CB00083884B /* ArtFilter.swift in Sources */,
				7816AE222C942A19008179BA /* Video8ViewModel.swift in Sources */,
			);
			runOnlyForDeploymentPostprocessing = 0;
		};
		78AF7BE42A52A9DA0028E9E3 /* Sources */ = {
			isa = PBXSourcesBuildPhase;
			buildActionMask = 2147483647;
			files = (
				78D7B6732C6E1CE1002833B3 /* Video8.swift in Sources */,
				78F87B3F2C6668F0007E26CD /* Video6.swift in Sources */,
				78D7B6752C6E2C13002833B3 /* Video1.swift in Sources */,
				7816AE142C934365008179BA /* EndButton.swift in Sources */,
				7876EDE52C80B0D00084DC8C /* Video3.swift in Sources */,
				7816AE352C943842008179BA /* MeasureWidth.swift in Sources */,
				7816AE082C933FCB008179BA /* FiltersPicker.swift in Sources */,
				78ABCC242C8F5E280083884B /* VideoTpl.swift in Sources */,
				7876EDE82C80B1310084DC8C /* ResponsiveStack.swift in Sources */,
				7816AE062C933E93008179BA /* PlayButton.swift in Sources */,
				7816AE192C93473E008179BA /* TimeSlider.swift in Sources */,
				7816AE042C933BF2008179BA /* ContrastSlider.swift in Sources */,
				78AF7BEE2A52A9DA0028E9E3 /* ContentView.swift in Sources */,
				78AF7BEC2A52A9DA0028E9E3 /* swiftui_loop_videoplayer_exampleApp.swift in Sources */,
				7816AE102C934269008179BA /* SeekButton.swift in Sources */,
				78446B912C820FF0003CF3F1 /* VideoPlayerModel.swift in Sources */,
				7816ADFF2C9337EA008179BA /* ButtonsBuilder.swift in Sources */,
				7876EDE12C80B0590084DC8C /* Video11.swift in Sources */,
				7816AE0C2C9341D8008179BA /* MuteButton.swift in Sources */,
				7876EDE32C80B09D0084DC8C /* Video2.swift in Sources */,
				7816AE1B2C93503E008179BA /* VideoURLPicker.swift in Sources */,
				7816AE122C93430F008179BA /* BeginButton.swift in Sources */,
				7816AE172C9345BA008179BA /* Video8ViewModel.swift in Sources */,
				78F87B602C6BB28C007E26CD /* VectorLogoLayer.swift in Sources */,
				7816AE0A2C9340FE008179BA /* VectorToggle.swift in Sources */,
				78F87B4A2C6B484D007E26CD /* ArtFilter.swift in Sources */,
				7816AE022C933B48008179BA /* BrightnessSlider.swift in Sources */,
			);
			runOnlyForDeploymentPostprocessing = 0;
		};
/* End PBXSourcesBuildPhase section */

/* Begin PBXTargetDependency section */
		7876EDDC2C80AFBA0084DC8C /* PBXTargetDependency */ = {
			isa = PBXTargetDependency;
			target = 78AF7BE72A52A9DA0028E9E3 /* swiftui-loop-videoplayer-example */;
			targetProxy = 7876EDDB2C80AFBA0084DC8C /* PBXContainerItemProxy */;
		};
/* End PBXTargetDependency section */

/* Begin XCBuildConfiguration section */
		7876EDDE2C80AFBA0084DC8C /* Debug */ = {
			isa = XCBuildConfiguration;
			buildSettings = {
				ASSETCATALOG_COMPILER_GENERATE_SWIFT_ASSET_SYMBOL_EXTENSIONS = YES;
				CLANG_ENABLE_MODULES = YES;
				CODE_SIGN_STYLE = Automatic;
				CURRENT_PROJECT_VERSION = 1;
				DEVELOPMENT_TEAM = FZ42RW4USG;
				ENABLE_USER_SCRIPT_SANDBOXING = YES;
				GCC_C_LANGUAGE_STANDARD = gnu17;
				GENERATE_INFOPLIST_FILE = YES;
				IPHONEOS_DEPLOYMENT_TARGET = 16.4;
				LOCALIZATION_PREFERS_STRING_CATALOGS = YES;
				MARKETING_VERSION = 1.0;
				PRODUCT_BUNDLE_IDENTIFIER = igorshell.VideoPlayerUITests;
				PRODUCT_NAME = "$(TARGET_NAME)";
				SWIFT_ACTIVE_COMPILATION_CONDITIONS = "DEBUG $(inherited)";
				SWIFT_EMIT_LOC_STRINGS = NO;
				SWIFT_OPTIMIZATION_LEVEL = "-Onone";
				SWIFT_VERSION = 5.0;
				TARGETED_DEVICE_FAMILY = "1,2";
				TEST_TARGET_NAME = "swiftui-loop-videoplayer-example";
			};
			name = Debug;
		};
		7876EDDF2C80AFBA0084DC8C /* Release */ = {
			isa = XCBuildConfiguration;
			buildSettings = {
				ASSETCATALOG_COMPILER_GENERATE_SWIFT_ASSET_SYMBOL_EXTENSIONS = YES;
				CLANG_ENABLE_MODULES = YES;
				CODE_SIGN_STYLE = Automatic;
				CURRENT_PROJECT_VERSION = 1;
				DEVELOPMENT_TEAM = FZ42RW4USG;
				ENABLE_USER_SCRIPT_SANDBOXING = YES;
				GCC_C_LANGUAGE_STANDARD = gnu17;
				GENERATE_INFOPLIST_FILE = YES;
				IPHONEOS_DEPLOYMENT_TARGET = 16.4;
				LOCALIZATION_PREFERS_STRING_CATALOGS = YES;
				MARKETING_VERSION = 1.0;
				PRODUCT_BUNDLE_IDENTIFIER = igorshell.VideoPlayerUITests;
				PRODUCT_NAME = "$(TARGET_NAME)";
				SWIFT_EMIT_LOC_STRINGS = NO;
				SWIFT_VERSION = 5.0;
				TARGETED_DEVICE_FAMILY = "1,2";
				TEST_TARGET_NAME = "swiftui-loop-videoplayer-example";
			};
			name = Release;
		};
		78AF7BF42A52A9DB0028E9E3 /* Debug */ = {
			isa = XCBuildConfiguration;
			buildSettings = {
				ALWAYS_SEARCH_USER_PATHS = NO;
				ASSETCATALOG_COMPILER_GENERATE_SWIFT_ASSET_SYMBOL_EXTENSIONS = YES;
				CLANG_ANALYZER_NONNULL = YES;
				CLANG_ANALYZER_NUMBER_OBJECT_CONVERSION = YES_AGGRESSIVE;
				CLANG_CXX_LANGUAGE_STANDARD = "gnu++20";
				CLANG_ENABLE_MODULES = YES;
				CLANG_ENABLE_OBJC_ARC = YES;
				CLANG_ENABLE_OBJC_WEAK = YES;
				CLANG_WARN_BLOCK_CAPTURE_AUTORELEASING = YES;
				CLANG_WARN_BOOL_CONVERSION = YES;
				CLANG_WARN_COMMA = YES;
				CLANG_WARN_CONSTANT_CONVERSION = YES;
				CLANG_WARN_DEPRECATED_OBJC_IMPLEMENTATIONS = YES;
				CLANG_WARN_DIRECT_OBJC_ISA_USAGE = YES_ERROR;
				CLANG_WARN_DOCUMENTATION_COMMENTS = YES;
				CLANG_WARN_EMPTY_BODY = YES;
				CLANG_WARN_ENUM_CONVERSION = YES;
				CLANG_WARN_INFINITE_RECURSION = YES;
				CLANG_WARN_INT_CONVERSION = YES;
				CLANG_WARN_NON_LITERAL_NULL_CONVERSION = YES;
				CLANG_WARN_OBJC_IMPLICIT_RETAIN_SELF = YES;
				CLANG_WARN_OBJC_LITERAL_CONVERSION = YES;
				CLANG_WARN_OBJC_ROOT_CLASS = YES_ERROR;
				CLANG_WARN_QUOTED_INCLUDE_IN_FRAMEWORK_HEADER = YES;
				CLANG_WARN_RANGE_LOOP_ANALYSIS = YES;
				CLANG_WARN_STRICT_PROTOTYPES = YES;
				CLANG_WARN_SUSPICIOUS_MOVE = YES;
				CLANG_WARN_UNGUARDED_AVAILABILITY = YES_AGGRESSIVE;
				CLANG_WARN_UNREACHABLE_CODE = YES;
				CLANG_WARN__DUPLICATE_METHOD_MATCH = YES;
				COPY_PHASE_STRIP = NO;
				DEBUG_INFORMATION_FORMAT = dwarf;
				ENABLE_STRICT_OBJC_MSGSEND = YES;
				ENABLE_TESTABILITY = YES;
				GCC_C_LANGUAGE_STANDARD = gnu11;
				GCC_DYNAMIC_NO_PIC = NO;
				GCC_NO_COMMON_BLOCKS = YES;
				GCC_OPTIMIZATION_LEVEL = 0;
				GCC_PREPROCESSOR_DEFINITIONS = (
					"DEBUG=1",
					"$(inherited)",
				);
				GCC_WARN_64_TO_32_BIT_CONVERSION = YES;
				GCC_WARN_ABOUT_RETURN_TYPE = YES_ERROR;
				GCC_WARN_UNDECLARED_SELECTOR = YES;
				GCC_WARN_UNINITIALIZED_AUTOS = YES_AGGRESSIVE;
				GCC_WARN_UNUSED_FUNCTION = YES;
				GCC_WARN_UNUSED_VARIABLE = YES;
				IPHONEOS_DEPLOYMENT_TARGET = 16.4;
				MTL_ENABLE_DEBUG_INFO = INCLUDE_SOURCE;
				MTL_FAST_MATH = YES;
				ONLY_ACTIVE_ARCH = YES;
				SDKROOT = iphoneos;
				SWIFT_ACTIVE_COMPILATION_CONDITIONS = DEBUG;
				SWIFT_OPTIMIZATION_LEVEL = "-Onone";
			};
			name = Debug;
		};
		78AF7BF52A52A9DB0028E9E3 /* Release */ = {
			isa = XCBuildConfiguration;
			buildSettings = {
				ALWAYS_SEARCH_USER_PATHS = NO;
				ASSETCATALOG_COMPILER_GENERATE_SWIFT_ASSET_SYMBOL_EXTENSIONS = YES;
				CLANG_ANALYZER_NONNULL = YES;
				CLANG_ANALYZER_NUMBER_OBJECT_CONVERSION = YES_AGGRESSIVE;
				CLANG_CXX_LANGUAGE_STANDARD = "gnu++20";
				CLANG_ENABLE_MODULES = YES;
				CLANG_ENABLE_OBJC_ARC = YES;
				CLANG_ENABLE_OBJC_WEAK = YES;
				CLANG_WARN_BLOCK_CAPTURE_AUTORELEASING = YES;
				CLANG_WARN_BOOL_CONVERSION = YES;
				CLANG_WARN_COMMA = YES;
				CLANG_WARN_CONSTANT_CONVERSION = YES;
				CLANG_WARN_DEPRECATED_OBJC_IMPLEMENTATIONS = YES;
				CLANG_WARN_DIRECT_OBJC_ISA_USAGE = YES_ERROR;
				CLANG_WARN_DOCUMENTATION_COMMENTS = YES;
				CLANG_WARN_EMPTY_BODY = YES;
				CLANG_WARN_ENUM_CONVERSION = YES;
				CLANG_WARN_INFINITE_RECURSION = YES;
				CLANG_WARN_INT_CONVERSION = YES;
				CLANG_WARN_NON_LITERAL_NULL_CONVERSION = YES;
				CLANG_WARN_OBJC_IMPLICIT_RETAIN_SELF = YES;
				CLANG_WARN_OBJC_LITERAL_CONVERSION = YES;
				CLANG_WARN_OBJC_ROOT_CLASS = YES_ERROR;
				CLANG_WARN_QUOTED_INCLUDE_IN_FRAMEWORK_HEADER = YES;
				CLANG_WARN_RANGE_LOOP_ANALYSIS = YES;
				CLANG_WARN_STRICT_PROTOTYPES = YES;
				CLANG_WARN_SUSPICIOUS_MOVE = YES;
				CLANG_WARN_UNGUARDED_AVAILABILITY = YES_AGGRESSIVE;
				CLANG_WARN_UNREACHABLE_CODE = YES;
				CLANG_WARN__DUPLICATE_METHOD_MATCH = YES;
				COPY_PHASE_STRIP = NO;
				DEBUG_INFORMATION_FORMAT = "dwarf-with-dsym";
				ENABLE_NS_ASSERTIONS = NO;
				ENABLE_STRICT_OBJC_MSGSEND = YES;
				GCC_C_LANGUAGE_STANDARD = gnu11;
				GCC_NO_COMMON_BLOCKS = YES;
				GCC_WARN_64_TO_32_BIT_CONVERSION = YES;
				GCC_WARN_ABOUT_RETURN_TYPE = YES_ERROR;
				GCC_WARN_UNDECLARED_SELECTOR = YES;
				GCC_WARN_UNINITIALIZED_AUTOS = YES_AGGRESSIVE;
				GCC_WARN_UNUSED_FUNCTION = YES;
				GCC_WARN_UNUSED_VARIABLE = YES;
				IPHONEOS_DEPLOYMENT_TARGET = 16.4;
				MTL_ENABLE_DEBUG_INFO = NO;
				MTL_FAST_MATH = YES;
				SDKROOT = iphoneos;
				SWIFT_COMPILATION_MODE = wholemodule;
				SWIFT_OPTIMIZATION_LEVEL = "-O";
				VALIDATE_PRODUCT = YES;
			};
			name = Release;
		};
		78AF7BF72A52A9DB0028E9E3 /* Debug */ = {
			isa = XCBuildConfiguration;
			buildSettings = {
				ASSETCATALOG_COMPILER_APPICON_NAME = AppIcon;
				ASSETCATALOG_COMPILER_GLOBAL_ACCENT_COLOR_NAME = AccentColor;
				CODE_SIGN_STYLE = Automatic;
				CURRENT_PROJECT_VERSION = 1;
				DEVELOPMENT_ASSET_PATHS = "\"swiftui-loop-videoplayer-example/Preview Content\"";
				DEVELOPMENT_TEAM = FZ42RW4USG;
				ENABLE_PREVIEWS = YES;
				GENERATE_INFOPLIST_FILE = YES;
				INFOPLIST_FILE = "swiftui-loop-videoplayer-example/Info.plist";
				INFOPLIST_KEY_UIApplicationSceneManifest_Generation = YES;
				INFOPLIST_KEY_UIApplicationSupportsIndirectInputEvents = YES;
				INFOPLIST_KEY_UILaunchScreen_Generation = YES;
				INFOPLIST_KEY_UIStatusBarStyle = UIStatusBarStyleDarkContent;
				INFOPLIST_KEY_UISupportedInterfaceOrientations = "UIInterfaceOrientationLandscapeLeft UIInterfaceOrientationLandscapeRight UIInterfaceOrientationPortrait UIInterfaceOrientationPortraitUpsideDown";
				IPHONEOS_DEPLOYMENT_TARGET = 16.0;
				LD_RUNPATH_SEARCH_PATHS = (
					"$(inherited)",
					"@executable_path/Frameworks",
				);
				MARKETING_VERSION = 1.0;
				PRODUCT_BUNDLE_IDENTIFIER = "igorshelopaev.swiftui-loop-videoplayer-example";
				PRODUCT_NAME = "$(TARGET_NAME)";
				SWIFT_EMIT_LOC_STRINGS = YES;
				SWIFT_VERSION = 5.0;
				TARGETED_DEVICE_FAMILY = "1,2";
			};
			name = Debug;
		};
		78AF7BF82A52A9DB0028E9E3 /* Release */ = {
			isa = XCBuildConfiguration;
			buildSettings = {
				ASSETCATALOG_COMPILER_APPICON_NAME = AppIcon;
				ASSETCATALOG_COMPILER_GLOBAL_ACCENT_COLOR_NAME = AccentColor;
				CODE_SIGN_STYLE = Automatic;
				CURRENT_PROJECT_VERSION = 1;
				DEVELOPMENT_ASSET_PATHS = "\"swiftui-loop-videoplayer-example/Preview Content\"";
				DEVELOPMENT_TEAM = FZ42RW4USG;
				ENABLE_PREVIEWS = YES;
				GENERATE_INFOPLIST_FILE = YES;
				INFOPLIST_FILE = "swiftui-loop-videoplayer-example/Info.plist";
				INFOPLIST_KEY_UIApplicationSceneManifest_Generation = YES;
				INFOPLIST_KEY_UIApplicationSupportsIndirectInputEvents = YES;
				INFOPLIST_KEY_UILaunchScreen_Generation = YES;
				INFOPLIST_KEY_UIStatusBarStyle = UIStatusBarStyleDarkContent;
				INFOPLIST_KEY_UISupportedInterfaceOrientations = "UIInterfaceOrientationLandscapeLeft UIInterfaceOrientationLandscapeRight UIInterfaceOrientationPortrait UIInterfaceOrientationPortraitUpsideDown";
				IPHONEOS_DEPLOYMENT_TARGET = 16.0;
				LD_RUNPATH_SEARCH_PATHS = (
					"$(inherited)",
					"@executable_path/Frameworks",
				);
				MARKETING_VERSION = 1.0;
				PRODUCT_BUNDLE_IDENTIFIER = "igorshelopaev.swiftui-loop-videoplayer-example";
				PRODUCT_NAME = "$(TARGET_NAME)";
				SWIFT_EMIT_LOC_STRINGS = YES;
				SWIFT_VERSION = 5.0;
				TARGETED_DEVICE_FAMILY = "1,2";
			};
			name = Release;
		};
/* End XCBuildConfiguration section */

/* Begin XCConfigurationList section */
		7876EDDD2C80AFBA0084DC8C /* Build configuration list for PBXNativeTarget "VideoPlayerUITests" */ = {
			isa = XCConfigurationList;
			buildConfigurations = (
				7876EDDE2C80AFBA0084DC8C /* Debug */,
				7876EDDF2C80AFBA0084DC8C /* Release */,
			);
			defaultConfigurationIsVisible = 0;
			defaultConfigurationName = Release;
		};
		78AF7BE32A52A9DA0028E9E3 /* Build configuration list for PBXProject "swiftui-loop-videoplayer-example" */ = {
			isa = XCConfigurationList;
			buildConfigurations = (
				78AF7BF42A52A9DB0028E9E3 /* Debug */,
				78AF7BF52A52A9DB0028E9E3 /* Release */,
			);
			defaultConfigurationIsVisible = 0;
			defaultConfigurationName = Release;
		};
		78AF7BF62A52A9DB0028E9E3 /* Build configuration list for PBXNativeTarget "swiftui-loop-videoplayer-example" */ = {
			isa = XCConfigurationList;
			buildConfigurations = (
				78AF7BF72A52A9DB0028E9E3 /* Debug */,
				78AF7BF82A52A9DB0028E9E3 /* Release */,
			);
			defaultConfigurationIsVisible = 0;
			defaultConfigurationName = Release;
		};
/* End XCConfigurationList section */

/* Begin XCRemoteSwiftPackageReference section */
		78A2F66B2C95EA1300D2BF05 /* XCRemoteSwiftPackageReference "swiftui-loop-videoplayer" */ = {
			isa = XCRemoteSwiftPackageReference;
			repositoryURL = "https://github.com/igor11191708/swiftui-loop-videoplayer";
			requirement = {
				branch = main;
				kind = branch;
			};
		};
/* End XCRemoteSwiftPackageReference section */

/* Begin XCSwiftPackageProductDependency section */
		78A2F66C2C95EA2200D2BF05 /* swiftui-loop-videoplayer */ = {
			isa = XCSwiftPackageProductDependency;
			package = 78A2F66B2C95EA1300D2BF05 /* XCRemoteSwiftPackageReference "swiftui-loop-videoplayer" */;
			productName = "swiftui-loop-videoplayer";
		};
/* End XCSwiftPackageProductDependency section */
	};
	rootObject = 78AF7BE02A52A9DA0028E9E3 /* Project object */;
}
