// !$*UTF8*$!
{
	archiveVersion = 1;
	classes = {
	};
	objectVersion = 56;
	objects = {

/* Begin PBXBuildFile section */
		78AF7BEC2A52A9DA0028E9E3 /* swiftui_loop_videoplayer_exampleApp.swift in Sources */ = {isa = PBXBuildFile; fileRef = 78AF7BEB2A52A9DA0028E9E3 /* swiftui_loop_videoplayer_exampleApp.swift */; };
		78AF7BEE2A52A9DA0028E9E3 /* ContentView.swift in Sources */ = {isa = PBXBuildFile; fileRef = 78AF7BED2A52A9DA0028E9E3 /* ContentView.swift */; };
		78AF7BF02A52A9DB0028E9E3 /* Assets.xcassets in Resources */ = {isa = PBXBuildFile; fileRef = 78AF7BEF2A52A9DB0028E9E3 /* Assets.xcassets */; };
		78AF7BF32A52A9DB0028E9E3 /* Preview Assets.xcassets in Resources */ = {isa = PBXBuildFile; fileRef = 78AF7BF22A52A9DB0028E9E3 /* Preview Assets.xcassets */; };
		78AF7BFD2A52AA5D0028E9E3 /* swipe.mp4 in Resources */ = {isa = PBXBuildFile; fileRef = 78AF7BFC2A52AA5D0028E9E3 /* swipe.mp4 */; };
		78AF7C002A52AA6D0028E9E3 /* swiftui-loop-videoplayer in Frameworks */ = {isa = PBXBuildFile; productRef = 78AF7BFF2A52AA6D0028E9E3 /* swiftui-loop-videoplayer */; };
		78AF7C032A52BDE80028E9E3 /* img_01.gif in Resources */ = {isa = PBXBuildFile; fileRef = 78AF7C022A52BDE80028E9E3 /* img_01.gif */; };
		78AF7C052A52BF6A0028E9E3 /* README.md in Resources */ = {isa = PBXBuildFile; fileRef = 78AF7C042A52BF6A0028E9E3 /* README.md */; };
/* End PBXBuildFile section */

/* Begin PBXFileReference section */
		78AF7BE82A52A9DA0028E9E3 /* swiftui-loop-videoplayer-example.app */ = {isa = PBXFileReference; explicitFileType = wrapper.application; includeInIndex = 0; path = "swiftui-loop-videoplayer-example.app"; sourceTree = BUILT_PRODUCTS_DIR; };
		78AF7BEB2A52A9DA0028E9E3 /* swiftui_loop_videoplayer_exampleApp.swift */ = {isa = PBXFileReference; lastKnownFileType = sourcecode.swift; path = swiftui_loop_videoplayer_exampleApp.swift; sourceTree = "<group>"; };
		78AF7BED2A52A9DA0028E9E3 /* ContentView.swift */ = {isa = PBXFileReference; lastKnownFileType = sourcecode.swift; path = ContentView.swift; sourceTree = "<group>"; };
		78AF7BEF2A52A9DB0028E9E3 /* Assets.xcassets */ = {isa = PBXFileReference; lastKnownFileType = folder.assetcatalog; path = Assets.xcassets; sourceTree = "<group>"; };
		78AF7BF22A52A9DB0028E9E3 /* Preview Assets.xcassets */ = {isa = PBXFileReference; lastKnownFileType = folder.assetcatalog; path = "Preview Assets.xcassets"; sourceTree = "<group>"; };
		78AF7BFA2A52AA080028E9E3 /* swiftui-loop-videoplayer */ = {isa = PBXFileReference; lastKnownFileType = wrapper; name = "swiftui-loop-videoplayer"; path = "../swiftui-loop-videoplayer"; sourceTree = "<group>"; };
		78AF7BFC2A52AA5D0028E9E3 /* swipe.mp4 */ = {isa = PBXFileReference; lastKnownFileType = file; path = swipe.mp4; sourceTree = "<group>"; };
		78AF7C022A52BDE80028E9E3 /* img_01.gif */ = {isa = PBXFileReference; lastKnownFileType = image.gif; path = img_01.gif; sourceTree = "<group>"; };
		78AF7C042A52BF6A0028E9E3 /* README.md */ = {isa = PBXFileReference; fileEncoding = 4; lastKnownFileType = net.daringfireball.markdown; path = README.md; sourceTree = "<group>"; };
/* End PBXFileReference section */

/* Begin PBXFrameworksBuildPhase section */
		78AF7BE52A52A9DA0028E9E3 /* Frameworks */ = {
			isa = PBXFrameworksBuildPhase;
			buildActionMask = 2147483647;
			files = (
				78AF7C002A52AA6D0028E9E3 /* swiftui-loop-videoplayer in Frameworks */,
			);
			runOnlyForDeploymentPostprocessing = 0;
		};
/* End PBXFrameworksBuildPhase section */

/* Begin PBXGroup section */
		78AF7BDF2A52A9DA0028E9E3 = {
			isa = PBXGroup;
			children = (
				78AF7BF92A52AA080028E9E3 /* Packages */,
				78AF7BEA2A52A9DA0028E9E3 /* swiftui-loop-videoplayer-example */,
				78AF7BE92A52A9DA0028E9E3 /* Products */,
				78AF7BFE2A52AA6D0028E9E3 /* Frameworks */,
			);
			sourceTree = "<group>";
		};
		78AF7BE92A52A9DA0028E9E3 /* Products */ = {
			isa = PBXGroup;
			children = (
				78AF7BE82A52A9DA0028E9E3 /* swiftui-loop-videoplayer-example.app */,
			);
			name = Products;
			sourceTree = "<group>";
		};
		78AF7BEA2A52A9DA0028E9E3 /* swiftui-loop-videoplayer-example */ = {
			isa = PBXGroup;
			children = (
				78AF7C042A52BF6A0028E9E3 /* README.md */,
				78AF7C012A52BDDF0028E9E3 /* img */,
				78AF7BFB2A52AA5D0028E9E3 /* Resources */,
				78AF7BEB2A52A9DA0028E9E3 /* swiftui_loop_videoplayer_exampleApp.swift */,
				78AF7BED2A52A9DA0028E9E3 /* ContentView.swift */,
				78AF7BEF2A52A9DB0028E9E3 /* Assets.xcassets */,
				78AF7BF12A52A9DB0028E9E3 /* Preview Content */,
			);
			path = "swiftui-loop-videoplayer-example";
			sourceTree = "<group>";
		};
		78AF7BF12A52A9DB0028E9E3 /* Preview Content */ = {
			isa = PBXGroup;
			children = (
				78AF7BF22A52A9DB0028E9E3 /* Preview Assets.xcassets */,
			);
			path = "Preview Content";
			sourceTree = "<group>";
		};
		78AF7BF92A52AA080028E9E3 /* Packages */ = {
			isa = PBXGroup;
			children = (
				78AF7BFA2A52AA080028E9E3 /* swiftui-loop-videoplayer */,
			);
			name = Packages;
			sourceTree = "<group>";
		};
		78AF7BFB2A52AA5D0028E9E3 /* Resources */ = {
			isa = PBXGroup;
			children = (
				78AF7BFC2A52AA5D0028E9E3 /* swipe.mp4 */,
			);
			path = Resources;
			sourceTree = "<group>";
		};
		78AF7BFE2A52AA6D0028E9E3 /* Frameworks */ = {
			isa = PBXGroup;
			children = (
			);
			name = Frameworks;
			sourceTree = "<group>";
		};
		78AF7C012A52BDDF0028E9E3 /* img */ = {
			isa = PBXGroup;
			children = (
				78AF7C022A52BDE80028E9E3 /* img_01.gif */,
			);
			path = img;
			sourceTree = "<group>";
		};
/* End PBXGroup section */

/* Begin PBXNativeTarget section */
		78AF7BE72A52A9DA0028E9E3 /* swiftui-loop-videoplayer-example */ = {
			isa = PBXNativeTarget;
			buildConfigurationList = 78AF7BF62A52A9DB0028E9E3 /* Build configuration list for PBXNativeTarget "swiftui-loop-videoplayer-example" */;
			buildPhases = (
				78AF7BE42A52A9DA0028E9E3 /* Sources */,
				78AF7BE52A52A9DA0028E9E3 /* Frameworks */,
				78AF7BE62A52A9DA0028E9E3 /* Resources */,
			);
			buildRules = (
			);
			dependencies = (
			);
			name = "swiftui-loop-videoplayer-example";
			packageProductDependencies = (
				78AF7BFF2A52AA6D0028E9E3 /* swiftui-loop-videoplayer */,
			);
			productName = "swiftui-loop-videoplayer-example";
			productReference = 78AF7BE82A52A9DA0028E9E3 /* swiftui-loop-videoplayer-example.app */;
			productType = "com.apple.product-type.application";
		};
/* End PBXNativeTarget section */

/* Begin PBXProject section */
		78AF7BE02A52A9DA0028E9E3 /* Project object */ = {
			isa = PBXProject;
			attributes = {
				BuildIndependentTargetsInParallel = 1;
				LastSwiftUpdateCheck = 1430;
				LastUpgradeCheck = 1430;
				TargetAttributes = {
					78AF7BE72A52A9DA0028E9E3 = {
						CreatedOnToolsVersion = 14.3;
					};
				};
			};
			buildConfigurationList = 78AF7BE32A52A9DA0028E9E3 /* Build configuration list for PBXProject "swiftui-loop-videoplayer-example" */;
			compatibilityVersion = "Xcode 14.0";
			developmentRegion = en;
			hasScannedForEncodings = 0;
			knownRegions = (
				en,
				Base,
			);
			mainGroup = 78AF7BDF2A52A9DA0028E9E3;
			productRefGroup = 78AF7BE92A52A9DA0028E9E3 /* Products */;
			projectDirPath = "";
			projectRoot = "";
			targets = (
				78AF7BE72A52A9DA0028E9E3 /* swiftui-loop-videoplayer-example */,
			);
		};
/* End PBXProject section */

/* Begin PBXResourcesBuildPhase section */
		78AF7BE62A52A9DA0028E9E3 /* Resources */ = {
			isa = PBXResourcesBuildPhase;
			buildActionMask = 2147483647;
			files = (
				78AF7BF32A52A9DB0028E9E3 /* Preview Assets.xcassets in Resources */,
				78AF7BFD2A52AA5D0028E9E3 /* swipe.mp4 in Resources */,
				78AF7C052A52BF6A0028E9E3 /* README.md in Resources */,
				78AF7BF02A52A9DB0028E9E3 /* Assets.xcassets in Resources */,
				78AF7C032A52BDE80028E9E3 /* img_01.gif in Resources */,
			);
			runOnlyForDeploymentPostprocessing = 0;
		};
/* End PBXResourcesBuildPhase section */

/* Begin PBXSourcesBuildPhase section */
		78AF7BE42A52A9DA0028E9E3 /* Sources */ = {
			isa = PBXSourcesBuildPhase;
			buildActionMask = 2147483647;
			files = (
				78AF7BEE2A52A9DA0028E9E3 /* ContentView.swift in Sources */,
				78AF7BEC2A52A9DA0028E9E3 /* swiftui_loop_videoplayer_exampleApp.swift in Sources */,
			);
			runOnlyForDeploymentPostprocessing = 0;
		};
/* End PBXSourcesBuildPhase section */

/* Begin XCBuildConfiguration section */
		78AF7BF42A52A9DB0028E9E3 /* Debug */ = {
			isa = XCBuildConfiguration;
			buildSettings = {
				ALWAYS_SEARCH_USER_PATHS = NO;
				CLANG_ANALYZER_NONNULL = YES;
				CLANG_ANALYZER_NUMBER_OBJECT_CONVERSION = YES_AGGRESSIVE;
				CLANG_CXX_LANGUAGE_STANDARD = "gnu++20";
				CLANG_ENABLE_MODULES = YES;
				CLANG_ENABLE_OBJC_ARC = YES;
				CLANG_ENABLE_OBJC_WEAK = YES;
				CLANG_WARN_BLOCK_CAPTURE_AUTORELEASING = YES;
				CLANG_WARN_BOOL_CONVERSION = YES;
				CLANG_WARN_COMMA = YES;
				CLANG_WARN_CONSTANT_CONVERSION = YES;
				CLANG_WARN_DEPRECATED_OBJC_IMPLEMENTATIONS = YES;
				CLANG_WARN_DIRECT_OBJC_ISA_USAGE = YES_ERROR;
				CLANG_WARN_DOCUMENTATION_COMMENTS = YES;
				CLANG_WARN_EMPTY_BODY = YES;
				CLANG_WARN_ENUM_CONVERSION = YES;
				CLANG_WARN_INFINITE_RECURSION = YES;
				CLANG_WARN_INT_CONVERSION = YES;
				CLANG_WARN_NON_LITERAL_NULL_CONVERSION = YES;
				CLANG_WARN_OBJC_IMPLICIT_RETAIN_SELF = YES;
				CLANG_WARN_OBJC_LITERAL_CONVERSION = YES;
				CLANG_WARN_OBJC_ROOT_CLASS = YES_ERROR;
				CLANG_WARN_QUOTED_INCLUDE_IN_FRAMEWORK_HEADER = YES;
				CLANG_WARN_RANGE_LOOP_ANALYSIS = YES;
				CLANG_WARN_STRICT_PROTOTYPES = YES;
				CLANG_WARN_SUSPICIOUS_MOVE = YES;
				CLANG_WARN_UNGUARDED_AVAILABILITY = YES_AGGRESSIVE;
				CLANG_WARN_UNREACHABLE_CODE = YES;
				CLANG_WARN__DUPLICATE_METHOD_MATCH = YES;
				COPY_PHASE_STRIP = NO;
				DEBUG_INFORMATION_FORMAT = dwarf;
				ENABLE_STRICT_OBJC_MSGSEND = YES;
				ENABLE_TESTABILITY = YES;
				GCC_C_LANGUAGE_STANDARD = gnu11;
				GCC_DYNAMIC_NO_PIC = NO;
				GCC_NO_COMMON_BLOCKS = YES;
				GCC_OPTIMIZATION_LEVEL = 0;
				GCC_PREPROCESSOR_DEFINITIONS = (
					"DEBUG=1",
					"$(inherited)",
				);
				GCC_WARN_64_TO_32_BIT_CONVERSION = YES;
				GCC_WARN_ABOUT_RETURN_TYPE = YES_ERROR;
				GCC_WARN_UNDECLARED_SELECTOR = YES;
				GCC_WARN_UNINITIALIZED_AUTOS = YES_AGGRESSIVE;
				GCC_WARN_UNUSED_FUNCTION = YES;
				GCC_WARN_UNUSED_VARIABLE = YES;
				IPHONEOS_DEPLOYMENT_TARGET = 16.4;
				MTL_ENABLE_DEBUG_INFO = INCLUDE_SOURCE;
				MTL_FAST_MATH = YES;
				ONLY_ACTIVE_ARCH = YES;
				SDKROOT = iphoneos;
				SWIFT_ACTIVE_COMPILATION_CONDITIONS = DEBUG;
				SWIFT_OPTIMIZATION_LEVEL = "-Onone";
			};
			name = Debug;
		};
		78AF7BF52A52A9DB0028E9E3 /* Release */ = {
			isa = XCBuildConfiguration;
			buildSettings = {
				ALWAYS_SEARCH_USER_PATHS = NO;
				CLANG_ANALYZER_NONNULL = YES;
				CLANG_ANALYZER_NUMBER_OBJECT_CONVERSION = YES_AGGRESSIVE;
				CLANG_CXX_LANGUAGE_STANDARD = "gnu++20";
				CLANG_ENABLE_MODULES = YES;
				CLANG_ENABLE_OBJC_ARC = YES;
				CLANG_ENABLE_OBJC_WEAK = YES;
				CLANG_WARN_BLOCK_CAPTURE_AUTORELEASING = YES;
				CLANG_WARN_BOOL_CONVERSION = YES;
				CLANG_WARN_COMMA = YES;
				CLANG_WARN_CONSTANT_CONVERSION = YES;
				CLANG_WARN_DEPRECATED_OBJC_IMPLEMENTATIONS = YES;
				CLANG_WARN_DIRECT_OBJC_ISA_USAGE = YES_ERROR;
				CLANG_WARN_DOCUMENTATION_COMMENTS = YES;
				CLANG_WARN_EMPTY_BODY = YES;
				CLANG_WARN_ENUM_CONVERSION = YES;
				CLANG_WARN_INFINITE_RECURSION = YES;
				CLANG_WARN_INT_CONVERSION = YES;
				CLANG_WARN_NON_LITERAL_NULL_CONVERSION = YES;
				CLANG_WARN_OBJC_IMPLICIT_RETAIN_SELF = YES;
				CLANG_WARN_OBJC_LITERAL_CONVERSION = YES;
				CLANG_WARN_OBJC_ROOT_CLASS = YES_ERROR;
				CLANG_WARN_QUOTED_INCLUDE_IN_FRAMEWORK_HEADER = YES;
				CLANG_WARN_RANGE_LOOP_ANALYSIS = YES;
				CLANG_WARN_STRICT_PROTOTYPES = YES;
				CLANG_WARN_SUSPICIOUS_MOVE = YES;
				CLANG_WARN_UNGUARDED_AVAILABILITY = YES_AGGRESSIVE;
				CLANG_WARN_UNREACHABLE_CODE = YES;
				CLANG_WARN__DUPLICATE_METHOD_MATCH = YES;
				COPY_PHASE_STRIP = NO;
				DEBUG_INFORMATION_FORMAT = "dwarf-with-dsym";
				ENABLE_NS_ASSERTIONS = NO;
				ENABLE_STRICT_OBJC_MSGSEND = YES;
				GCC_C_LANGUAGE_STANDARD = gnu11;
				GCC_NO_COMMON_BLOCKS = YES;
				GCC_WARN_64_TO_32_BIT_CONVERSION = YES;
				GCC_WARN_ABOUT_RETURN_TYPE = YES_ERROR;
				GCC_WARN_UNDECLARED_SELECTOR = YES;
				GCC_WARN_UNINITIALIZED_AUTOS = YES_AGGRESSIVE;
				GCC_WARN_UNUSED_FUNCTION = YES;
				GCC_WARN_UNUSED_VARIABLE = YES;
				IPHONEOS_DEPLOYMENT_TARGET = 16.4;
				MTL_ENABLE_DEBUG_INFO = NO;
				MTL_FAST_MATH = YES;
				SDKROOT = iphoneos;
				SWIFT_COMPILATION_MODE = wholemodule;
				SWIFT_OPTIMIZATION_LEVEL = "-O";
				VALIDATE_PRODUCT = YES;
			};
			name = Release;
		};
		78AF7BF72A52A9DB0028E9E3 /* Debug */ = {
			isa = XCBuildConfiguration;
			buildSettings = {
				ASSETCATALOG_COMPILER_APPICON_NAME = AppIcon;
				ASSETCATALOG_COMPILER_GLOBAL_ACCENT_COLOR_NAME = AccentColor;
				CODE_SIGN_STYLE = Automatic;
				CURRENT_PROJECT_VERSION = 1;
				DEVELOPMENT_ASSET_PATHS = "\"swiftui-loop-videoplayer-example/Preview Content\"";
				DEVELOPMENT_TEAM = FZ42RW4USG;
				ENABLE_PREVIEWS = YES;
				GENERATE_INFOPLIST_FILE = YES;
				INFOPLIST_KEY_UIApplicationSceneManifest_Generation = YES;
				INFOPLIST_KEY_UIApplicationSupportsIndirectInputEvents = YES;
				INFOPLIST_KEY_UILaunchScreen_Generation = YES;
				INFOPLIST_KEY_UISupportedInterfaceOrientations_iPad = "UIInterfaceOrientationPortrait UIInterfaceOrientationPortraitUpsideDown UIInterfaceOrientationLandscapeLeft UIInterfaceOrientationLandscapeRight";
				INFOPLIST_KEY_UISupportedInterfaceOrientations_iPhone = "UIInterfaceOrientationPortrait UIInterfaceOrientationLandscapeLeft UIInterfaceOrientationLandscapeRight";
				LD_RUNPATH_SEARCH_PATHS = (
					"$(inherited)",
					"@executable_path/Frameworks",
				);
				MARKETING_VERSION = 1.0;
				PRODUCT_BUNDLE_IDENTIFIER = "igorshell.swiftui-loop-videoplayer-example";
				PRODUCT_NAME = "$(TARGET_NAME)";
				SWIFT_EMIT_LOC_STRINGS = YES;
				SWIFT_VERSION = 5.0;
				TARGETED_DEVICE_FAMILY = "1,2";
			};
			name = Debug;
		};
		78AF7BF82A52A9DB0028E9E3 /* Release */ = {
			isa = XCBuildConfiguration;
			buildSettings = {
				ASSETCATALOG_COMPILER_APPICON_NAME = AppIcon;
				ASSETCATALOG_COMPILER_GLOBAL_ACCENT_COLOR_NAME = AccentColor;
				CODE_SIGN_STYLE = Automatic;
				CURRENT_PROJECT_VERSION = 1;
				DEVELOPMENT_ASSET_PATHS = "\"swiftui-loop-videoplayer-example/Preview Content\"";
				DEVELOPMENT_TEAM = FZ42RW4USG;
				ENABLE_PREVIEWS = YES;
				GENERATE_INFOPLIST_FILE = YES;
				INFOPLIST_KEY_UIApplicationSceneManifest_Generation = YES;
				INFOPLIST_KEY_UIApplicationSupportsIndirectInputEvents = YES;
				INFOPLIST_KEY_UILaunchScreen_Generation = YES;
				INFOPLIST_KEY_UISupportedInterfaceOrientations_iPad = "UIInterfaceOrientationPortrait UIInterfaceOrientationPortraitUpsideDown UIInterfaceOrientationLandscapeLeft UIInterfaceOrientationLandscapeRight";
				INFOPLIST_KEY_UISupportedInterfaceOrientations_iPhone = "UIInterfaceOrientationPortrait UIInterfaceOrientationLandscapeLeft UIInterfaceOrientationLandscapeRight";
				LD_RUNPATH_SEARCH_PATHS = (
					"$(inherited)",
					"@executable_path/Frameworks",
				);
				MARKETING_VERSION = 1.0;
				PRODUCT_BUNDLE_IDENTIFIER = "igorshell.swiftui-loop-videoplayer-example";
				PRODUCT_NAME = "$(TARGET_NAME)";
				SWIFT_EMIT_LOC_STRINGS = YES;
				SWIFT_VERSION = 5.0;
				TARGETED_DEVICE_FAMILY = "1,2";
			};
			name = Release;
		};
/* End XCBuildConfiguration section */

/* Begin XCConfigurationList section */
		78AF7BE32A52A9DA0028E9E3 /* Build configuration list for PBXProject "swiftui-loop-videoplayer-example" */ = {
			isa = XCConfigurationList;
			buildConfigurations = (
				78AF7BF42A52A9DB0028E9E3 /* Debug */,
				78AF7BF52A52A9DB0028E9E3 /* Release */,
			);
			defaultConfigurationIsVisible = 0;
			defaultConfigurationName = Release;
		};
		78AF7BF62A52A9DB0028E9E3 /* Build configuration list for PBXNativeTarget "swiftui-loop-videoplayer-example" */ = {
			isa = XCConfigurationList;
			buildConfigurations = (
				78AF7BF72A52A9DB0028E9E3 /* Debug */,
				78AF7BF82A52A9DB0028E9E3 /* Release */,
			);
			defaultConfigurationIsVisible = 0;
			defaultConfigurationName = Release;
		};
/* End XCConfigurationList section */

/* Begin XCSwiftPackageProductDependency section */
		78AF7BFF2A52AA6D0028E9E3 /* swiftui-loop-videoplayer */ = {
			isa = XCSwiftPackageProductDependency;
			productName = "swiftui-loop-videoplayer";
		};
/* End XCSwiftPackageProductDependency section */
	};
	rootObject = 78AF7BE02A52A9DA0028E9E3 /* Project object */;
}
